
Microsoft Visual Studio Solution File, Format Version 12.00
# Visual Studio 15
VisualStudioVersion = 15.0.26124.0
MinimumVisualStudioVersion = 15.0.26124.0
Project("{FAE04EC0-301F-11D3-BF4B-00C04F79EFBC}") = "Primeservice", "PrimeService\Primeservice.csproj", "{B7453FA7-2848-4EAB-A364-25E6D065C651}"
EndProject
Project("{FAE04EC0-301F-11D3-BF4B-00C04F79EFBC}") = "PrimeService.Tests", "PrimeService.Tests\PrimeService.Tests.csproj", "{AC36B178-C1F0-4990-AD06-672C5D84E68E}"
EndProject
Global
	GlobalSection(SolutionConfigurationPlatforms) = preSolution
		Debug|Any CPU = Debug|Any CPU
		Debug|x64 = Debug|x64
		Debug|x86 = Debug|x86
		Release|Any CPU = Release|Any CPU
		Release|x64 = Release|x64
		Release|x86 = Release|x86
	EndGlobalSection
	GlobalSection(SolutionProperties) = preSolution
		HideSolutionNode = FALSE
	EndGlobalSection
	GlobalSection(ProjectConfigurationPlatforms) = postSolution
		{B7453FA7-2848-4EAB-A364-25E6D065C651}.Debug|Any CPU.ActiveCfg = Debug|Any CPU
		{B7453FA7-2848-4EAB-A364-25E6D065C651}.Debug|Any CPU.Build.0 = Debug|Any CPU
		{B7453FA7-2848-4EAB-A364-25E6D065C651}.Debug|x64.ActiveCfg = Debug|Any CPU
		{B7453FA7-2848-4EAB-A364-25E6D065C651}.Debug|x64.Build.0 = Debug|Any CPU
		{B7453FA7-2848-4EAB-A364-25E6D065C651}.Debug|x86.ActiveCfg = Debug|Any CPU
		{B7453FA7-2848-4EAB-A364-25E6D065C651}.Debug|x86.Build.0 = Debug|Any CPU
		{B7453FA7-2848-4EAB-A364-25E6D065C651}.Release|Any CPU.ActiveCfg = Release|Any CPU
		{B7453FA7-2848-4EAB-A364-25E6D065C651}.Release|Any CPU.Build.0 = Release|Any CPU
		{B7453FA7-2848-4EAB-A364-25E6D065C651}.Release|x64.ActiveCfg = Release|Any CPU
		{B7453FA7-2848-4EAB-A364-25E6D065C651}.Release|x64.Build.0 = Release|Any CPU
		{B7453FA7-2848-4EAB-A364-25E6D065C651}.Release|x86.ActiveCfg = Release|Any CPU
		{B7453FA7-2848-4EAB-A364-25E6D065C651}.Release|x86.Build.0 = Release|Any CPU
		{AC36B178-C1F0-4990-AD06-672C5D84E68E}.Debug|Any CPU.ActiveCfg = Debug|Any CPU
		{AC36B178-C1F0-4990-AD06-672C5D84E68E}.Debug|Any CPU.Build.0 = Debug|Any CPU
		{AC36B178-C1F0-4990-AD06-672C5D84E68E}.Debug|x64.ActiveCfg = Debug|Any CPU
		{AC36B178-C1F0-4990-AD06-672C5D84E68E}.Debug|x64.Build.0 = Debug|Any CPU
		{AC36B178-C1F0-4990-AD06-672C5D84E68E}.Debug|x86.ActiveCfg = Debug|Any CPU
		{AC36B178-C1F0-4990-AD06-672C5D84E68E}.Debug|x86.Build.0 = Debug|Any CPU
		{AC36B178-C1F0-4990-AD06-672C5D84E68E}.Release|Any CPU.ActiveCfg = Release|Any CPU
		{AC36B178-C1F0-4990-AD06-672C5D84E68E}.Release|Any CPU.Build.0 = Release|Any CPU
		{AC36B178-C1F0-4990-AD06-672C5D84E68E}.Release|x64.ActiveCfg = Release|Any CPU
		{AC36B178-C1F0-4990-AD06-672C5D84E68E}.Release|x64.Build.0 = Release|Any CPU
		{AC36B178-C1F0-4990-AD06-672C5D84E68E}.Release|x86.ActiveCfg = Release|Any CPU
		{AC36B178-C1F0-4990-AD06-672C5D84E68E}.Release|x86.Build.0 = Release|Any CPU
	EndGlobalSection
EndGlobal
